// !$*UTF8*$!
{
	archiveVersion = 1;
	classes = {
	};
	objectVersion = 55;
	objects = {

/* Begin PBXBuildFile section */
		9485DC3028ACC7830004C586 /* AppDelegate.swift in Sources */ = {isa = PBXBuildFile; fileRef = 9485DC2F28ACC7830004C586 /* AppDelegate.swift */; };
		9485DC3228ACC7830004C586 /* SceneDelegate.swift in Sources */ = {isa = PBXBuildFile; fileRef = 9485DC3128ACC7830004C586 /* SceneDelegate.swift */; };
		9485DC3428ACC7830004C586 /* ViewController.swift in Sources */ = {isa = PBXBuildFile; fileRef = 9485DC3328ACC7830004C586 /* ViewController.swift */; };
		9485DC3728ACC7830004C586 /* Main.storyboard in Resources */ = {isa = PBXBuildFile; fileRef = 9485DC3528ACC7830004C586 /* Main.storyboard */; };
		9485DC3928ACC7840004C586 /* Assets.xcassets in Resources */ = {isa = PBXBuildFile; fileRef = 9485DC3828ACC7840004C586 /* Assets.xcassets */; };
		9485DC3C28ACC7840004C586 /* LaunchScreen.storyboard in Resources */ = {isa = PBXBuildFile; fileRef = 9485DC3A28ACC7840004C586 /* LaunchScreen.storyboard */; };
		9485DC4728ACC7840004C586 /* CombineProjectTests.swift in Sources */ = {isa = PBXBuildFile; fileRef = 9485DC4628ACC7840004C586 /* CombineProjectTests.swift */; };
		9485DC5128ACC7840004C586 /* CombineProjectUITests.swift in Sources */ = {isa = PBXBuildFile; fileRef = 9485DC5028ACC7840004C586 /* CombineProjectUITests.swift */; };
		9485DC5328ACC7840004C586 /* CombineProjectUITestsLaunchTests.swift in Sources */ = {isa = PBXBuildFile; fileRef = 9485DC5228ACC7840004C586 /* CombineProjectUITestsLaunchTests.swift */; };
/* End PBXBuildFile section */

/* Begin PBXContainerItemProxy section */
		9485DC4328ACC7840004C586 /* PBXContainerItemProxy */ = {
			isa = PBXContainerItemProxy;
			containerPortal = 9485DC2428ACC7830004C586 /* Project object */;
			proxyType = 1;
			remoteGlobalIDString = 9485DC2B28ACC7830004C586;
			remoteInfo = CombineProject;
		};
		9485DC4D28ACC7840004C586 /* PBXContainerItemProxy */ = {
			isa = PBXContainerItemProxy;
			containerPortal = 9485DC2428ACC7830004C586 /* Project object */;
			proxyType = 1;
			remoteGlobalIDString = 9485DC2B28ACC7830004C586;
			remoteInfo = CombineProject;
		};
/* End PBXContainerItemProxy section */

/* Begin PBXFileReference section */
		9485DC2C28ACC7830004C586 /* CombineProject.app */ = {isa = PBXFileReference; explicitFileType = wrapper.application; includeInIndex = 0; path = CombineProject.app; sourceTree = BUILT_PRODUCTS_DIR; };
		9485DC2F28ACC7830004C586 /* AppDelegate.swift */ = {isa = PBXFileReference; lastKnownFileType = sourcecode.swift; path = AppDelegate.swift; sourceTree = "<group>"; };
		9485DC3128ACC7830004C586 /* SceneDelegate.swift */ = {isa = PBXFileReference; lastKnownFileType = sourcecode.swift; path = SceneDelegate.swift; sourceTree = "<group>"; };
		9485DC3328ACC7830004C586 /* ViewController.swift */ = {isa = PBXFileReference; lastKnownFileType = sourcecode.swift; path = ViewController.swift; sourceTree = "<group>"; };
		9485DC3628ACC7830004C586 /* Base */ = {isa = PBXFileReference; lastKnownFileType = file.storyboard; name = Base; path = Base.lproj/Main.storyboard; sourceTree = "<group>"; };
		9485DC3828ACC7840004C586 /* Assets.xcassets */ = {isa = PBXFileReference; lastKnownFileType = folder.assetcatalog; path = Assets.xcassets; sourceTree = "<group>"; };
		9485DC3B28ACC7840004C586 /* Base */ = {isa = PBXFileReference; lastKnownFileType = file.storyboard; name = Base; path = Base.lproj/LaunchScreen.storyboard; sourceTree = "<group>"; };
		9485DC3D28ACC7840004C586 /* Info.plist */ = {isa = PBXFileReference; lastKnownFileType = text.plist.xml; path = Info.plist; sourceTree = "<group>"; };
		9485DC4228ACC7840004C586 /* CombineProjectTests.xctest */ = {isa = PBXFileReference; explicitFileType = wrapper.cfbundle; includeInIndex = 0; path = CombineProjectTests.xctest; sourceTree = BUILT_PRODUCTS_DIR; };
		9485DC4628ACC7840004C586 /* CombineProjectTests.swift */ = {isa = PBXFileReference; lastKnownFileType = sourcecode.swift; path = CombineProjectTests.swift; sourceTree = "<group>"; };
		9485DC4C28ACC7840004C586 /* CombineProjectUITests.xctest */ = {isa = PBXFileReference; explicitFileType = wrapper.cfbundle; includeInIndex = 0; path = CombineProjectUITests.xctest; sourceTree = BUILT_PRODUCTS_DIR; };
		9485DC5028ACC7840004C586 /* CombineProjectUITests.swift */ = {isa = PBXFileReference; lastKnownFileType = sourcecode.swift; path = CombineProjectUITests.swift; sourceTree = "<group>"; };
		9485DC5228ACC7840004C586 /* CombineProjectUITestsLaunchTests.swift */ = {isa = PBXFileReference; lastKnownFileType = sourcecode.swift; path = CombineProjectUITestsLaunchTests.swift; sourceTree = "<group>"; };
/* End PBXFileReference section */

/* Begin PBXFrameworksBuildPhase section */
		9485DC2928ACC7830004C586 /* Frameworks */ = {
			isa = PBXFrameworksBuildPhase;
			buildActionMask = 2147483647;
			files = (
			);
			runOnlyForDeploymentPostprocessing = 0;
		};
		9485DC3F28ACC7840004C586 /* Frameworks */ = {
			isa = PBXFrameworksBuildPhase;
			buildActionMask = 2147483647;
			files = (
			);
			runOnlyForDeploymentPostprocessing = 0;
		};
		9485DC4928ACC7840004C586 /* Frameworks */ = {
			isa = PBXFrameworksBuildPhase;
			buildActionMask = 2147483647;
			files = (
			);
			runOnlyForDeploymentPostprocessing = 0;
		};
/* End PBXFrameworksBuildPhase section */

/* Begin PBXGroup section */
		9485DC2328ACC7830004C586 = {
			isa = PBXGroup;
			children = (
				9485DC2E28ACC7830004C586 /* CombineProject */,
				9485DC4528ACC7840004C586 /* CombineProjectTests */,
				9485DC4F28ACC7840004C586 /* CombineProjectUITests */,
				9485DC2D28ACC7830004C586 /* Products */,
			);
			sourceTree = "<group>";
		};
		9485DC2D28ACC7830004C586 /* Products */ = {
			isa = PBXGroup;
			children = (
				9485DC2C28ACC7830004C586 /* CombineProject.app */,
				9485DC4228ACC7840004C586 /* CombineProjectTests.xctest */,
				9485DC4C28ACC7840004C586 /* CombineProjectUITests.xctest */,
			);
			name = Products;
			sourceTree = "<group>";
		};
		9485DC2E28ACC7830004C586 /* CombineProject */ = {
			isa = PBXGroup;
			children = (
				9485DC2F28ACC7830004C586 /* AppDelegate.swift */,
				9485DC3128ACC7830004C586 /* SceneDelegate.swift */,
				9485DC3328ACC7830004C586 /* ViewController.swift */,
				9485DC3528ACC7830004C586 /* Main.storyboard */,
				9485DC3828ACC7840004C586 /* Assets.xcassets */,
				9485DC3A28ACC7840004C586 /* LaunchScreen.storyboard */,
				9485DC3D28ACC7840004C586 /* Info.plist */,
			);
			path = CombineProject;
			sourceTree = "<group>";
		};
		9485DC4528ACC7840004C586 /* CombineProjectTests */ = {
			isa = PBXGroup;
			children = (
				9485DC4628ACC7840004C586 /* CombineProjectTests.swift */,
			);
			path = CombineProjectTests;
			sourceTree = "<group>";
		};
		9485DC4F28ACC7840004C586 /* CombineProjectUITests */ = {
			isa = PBXGroup;
			children = (
				9485DC5028ACC7840004C586 /* CombineProjectUITests.swift */,
				9485DC5228ACC7840004C586 /* CombineProjectUITestsLaunchTests.swift */,
			);
			path = CombineProjectUITests;
			sourceTree = "<group>";
		};
/* End PBXGroup section */

/* Begin PBXNativeTarget section */
		9485DC2B28ACC7830004C586 /* CombineProject */ = {
			isa = PBXNativeTarget;
			buildConfigurationList = 9485DC5628ACC7840004C586 /* Build configuration list for PBXNativeTarget "CombineProject" */;
			buildPhases = (
				9485DC2828ACC7830004C586 /* Sources */,
				9485DC2928ACC7830004C586 /* Frameworks */,
				9485DC2A28ACC7830004C586 /* Resources */,
			);
			buildRules = (
			);
			dependencies = (
			);
			name = CombineProject;
			productName = CombineProject;
			productReference = 9485DC2C28ACC7830004C586 /* CombineProject.app */;
			productType = "com.apple.product-type.application";
		};
		9485DC4128ACC7840004C586 /* CombineProjectTests */ = {
			isa = PBXNativeTarget;
			buildConfigurationList = 9485DC5928ACC7840004C586 /* Build configuration list for PBXNativeTarget "CombineProjectTests" */;
			buildPhases = (
				9485DC3E28ACC7840004C586 /* Sources */,
				9485DC3F28ACC7840004C586 /* Frameworks */,
				9485DC4028ACC7840004C586 /* Resources */,
			);
			buildRules = (
			);
			dependencies = (
				9485DC4428ACC7840004C586 /* PBXTargetDependency */,
			);
			name = CombineProjectTests;
			productName = CombineProjectTests;
			productReference = 9485DC4228ACC7840004C586 /* CombineProjectTests.xctest */;
			productType = "com.apple.product-type.bundle.unit-test";
		};
		9485DC4B28ACC7840004C586 /* CombineProjectUITests */ = {
			isa = PBXNativeTarget;
			buildConfigurationList = 9485DC5C28ACC7840004C586 /* Build configuration list for PBXNativeTarget "CombineProjectUITests" */;
			buildPhases = (
				9485DC4828ACC7840004C586 /* Sources */,
				9485DC4928ACC7840004C586 /* Frameworks */,
				9485DC4A28ACC7840004C586 /* Resources */,
			);
			buildRules = (
			);
			dependencies = (
				9485DC4E28ACC7840004C586 /* PBXTargetDependency */,
			);
			name = CombineProjectUITests;
			productName = CombineProjectUITests;
			productReference = 9485DC4C28ACC7840004C586 /* CombineProjectUITests.xctest */;
			productType = "com.apple.product-type.bundle.ui-testing";
		};
/* End PBXNativeTarget section */

/* Begin PBXProject section */
		9485DC2428ACC7830004C586 /* Project object */ = {
			isa = PBXProject;
			attributes = {
				BuildIndependentTargetsInParallel = 1;
				LastSwiftUpdateCheck = 1340;
				LastUpgradeCheck = 1340;
				TargetAttributes = {
					9485DC2B28ACC7830004C586 = {
						CreatedOnToolsVersion = 13.4.1;
					};
					9485DC4128ACC7840004C586 = {
						CreatedOnToolsVersion = 13.4.1;
						TestTargetID = 9485DC2B28ACC7830004C586;
					};
					9485DC4B28ACC7840004C586 = {
						CreatedOnToolsVersion = 13.4.1;
						TestTargetID = 9485DC2B28ACC7830004C586;
					};
				};
			};
			buildConfigurationList = 9485DC2728ACC7830004C586 /* Build configuration list for PBXProject "CombineProject" */;
			compatibilityVersion = "Xcode 13.0";
			developmentRegion = en;
			hasScannedForEncodings = 0;
			knownRegions = (
				en,
				Base,
			);
			mainGroup = 9485DC2328ACC7830004C586;
			productRefGroup = 9485DC2D28ACC7830004C586 /* Products */;
			projectDirPath = "";
			projectRoot = "";
			targets = (
				9485DC2B28ACC7830004C586 /* CombineProject */,
				9485DC4128ACC7840004C586 /* CombineProjectTests */,
				9485DC4B28ACC7840004C586 /* CombineProjectUITests */,
			);
		};
/* End PBXProject section */

/* Begin PBXResourcesBuildPhase section */
		9485DC2A28ACC7830004C586 /* Resources */ = {
			isa = PBXResourcesBuildPhase;
			buildActionMask = 2147483647;
			files = (
				9485DC3C28ACC7840004C586 /* LaunchScreen.storyboard in Resources */,
				9485DC3928ACC7840004C586 /* Assets.xcassets in Resources */,
				9485DC3728ACC7830004C586 /* Main.storyboard in Resources */,
			);
			runOnlyForDeploymentPostprocessing = 0;
		};
		9485DC4028ACC7840004C586 /* Resources */ = {
			isa = PBXResourcesBuildPhase;
			buildActionMask = 2147483647;
			files = (
			);
			runOnlyForDeploymentPostprocessing = 0;
		};
		9485DC4A28ACC7840004C586 /* Resources */ = {
			isa = PBXResourcesBuildPhase;
			buildActionMask = 2147483647;
			files = (
			);
			runOnlyForDeploymentPostprocessing = 0;
		};
/* End PBXResourcesBuildPhase section */

/* Begin PBXSourcesBuildPhase section */
		9485DC2828ACC7830004C586 /* Sources */ = {
			isa = PBXSourcesBuildPhase;
			buildActionMask = 2147483647;
			files = (
				9485DC3428ACC7830004C586 /* ViewController.swift in Sources */,
				9485DC3028ACC7830004C586 /* AppDelegate.swift in Sources */,
				9485DC3228ACC7830004C586 /* SceneDelegate.swift in Sources */,
			);
			runOnlyForDeploymentPostprocessing = 0;
		};
		9485DC3E28ACC7840004C586 /* Sources */ = {
			isa = PBXSourcesBuildPhase;
			buildActionMask = 2147483647;
			files = (
				9485DC4728ACC7840004C586 /* CombineProjectTests.swift in Sources */,
			);
			runOnlyForDeploymentPostprocessing = 0;
		};
		9485DC4828ACC7840004C586 /* Sources */ = {
			isa = PBXSourcesBuildPhase;
			buildActionMask = 2147483647;
			files = (
				9485DC5328ACC7840004C586 /* CombineProjectUITestsLaunchTests.swift in Sources */,
				9485DC5128ACC7840004C586 /* CombineProjectUITests.swift in Sources */,
			);
			runOnlyForDeploymentPostprocessing = 0;
		};
/* End PBXSourcesBuildPhase section */

/* Begin PBXTargetDependency section */
		9485DC4428ACC7840004C586 /* PBXTargetDependency */ = {
			isa = PBXTargetDependency;
			target = 9485DC2B28ACC7830004C586 /* CombineProject */;
			targetProxy = 9485DC4328ACC7840004C586 /* PBXContainerItemProxy */;
		};
		9485DC4E28ACC7840004C586 /* PBXTargetDependency */ = {
			isa = PBXTargetDependency;
			target = 9485DC2B28ACC7830004C586 /* CombineProject */;
			targetProxy = 9485DC4D28ACC7840004C586 /* PBXContainerItemProxy */;
		};
/* End PBXTargetDependency section */

/* Begin PBXVariantGroup section */
		9485DC3528ACC7830004C586 /* Main.storyboard */ = {
			isa = PBXVariantGroup;
			children = (
				9485DC3628ACC7830004C586 /* Base */,
			);
			name = Main.storyboard;
			sourceTree = "<group>";
		};
		9485DC3A28ACC7840004C586 /* LaunchScreen.storyboard */ = {
			isa = PBXVariantGroup;
			children = (
				9485DC3B28ACC7840004C586 /* Base */,
			);
			name = LaunchScreen.storyboard;
			sourceTree = "<group>";
		};
/* End PBXVariantGroup section */

/* Begin XCBuildConfiguration section */
		9485DC5428ACC7840004C586 /* Debug */ = {
			isa = XCBuildConfiguration;
			buildSettings = {
				ALWAYS_SEARCH_USER_PATHS = NO;
				CLANG_ANALYZER_NONNULL = YES;
				CLANG_ANALYZER_NUMBER_OBJECT_CONVERSION = YES_AGGRESSIVE;
				CLANG_CXX_LANGUAGE_STANDARD = "gnu++17";
				CLANG_ENABLE_MODULES = YES;
				CLANG_ENABLE_OBJC_ARC = YES;
				CLANG_ENABLE_OBJC_WEAK = YES;
				CLANG_WARN_BLOCK_CAPTURE_AUTORELEASING = YES;
				CLANG_WARN_BOOL_CONVERSION = YES;
				CLANG_WARN_COMMA = YES;
				CLANG_WARN_CONSTANT_CONVERSION = YES;
				CLANG_WARN_DEPRECATED_OBJC_IMPLEMENTATIONS = YES;
				CLANG_WARN_DIRECT_OBJC_ISA_USAGE = YES_ERROR;
				CLANG_WARN_DOCUMENTATION_COMMENTS = YES;
				CLANG_WARN_EMPTY_BODY = YES;
				CLANG_WARN_ENUM_CONVERSION = YES;
				CLANG_WARN_INFINITE_RECURSION = YES;
				CLANG_WARN_INT_CONVERSION = YES;
				CLANG_WARN_NON_LITERAL_NULL_CONVERSION = YES;
				CLANG_WARN_OBJC_IMPLICIT_RETAIN_SELF = YES;
				CLANG_WARN_OBJC_LITERAL_CONVERSION = YES;
				CLANG_WARN_OBJC_ROOT_CLASS = YES_ERROR;
				CLANG_WARN_QUOTED_INCLUDE_IN_FRAMEWORK_HEADER = YES;
				CLANG_WARN_RANGE_LOOP_ANALYSIS = YES;
				CLANG_WARN_STRICT_PROTOTYPES = YES;
				CLANG_WARN_SUSPICIOUS_MOVE = YES;
				CLANG_WARN_UNGUARDED_AVAILABILITY = YES_AGGRESSIVE;
				CLANG_WARN_UNREACHABLE_CODE = YES;
				CLANG_WARN__DUPLICATE_METHOD_MATCH = YES;
				COPY_PHASE_STRIP = NO;
				DEBUG_INFORMATION_FORMAT = dwarf;
				ENABLE_STRICT_OBJC_MSGSEND = YES;
				ENABLE_TESTABILITY = YES;
				GCC_C_LANGUAGE_STANDARD = gnu11;
				GCC_DYNAMIC_NO_PIC = NO;
				GCC_NO_COMMON_BLOCKS = YES;
				GCC_OPTIMIZATION_LEVEL = 0;
				GCC_PREPROCESSOR_DEFINITIONS = (
					"DEBUG=1",
					"$(inherited)",
				);
				GCC_WARN_64_TO_32_BIT_CONVERSION = YES;
				GCC_WARN_ABOUT_RETURN_TYPE = YES_ERROR;
				GCC_WARN_UNDECLARED_SELECTOR = YES;
				GCC_WARN_UNINITIALIZED_AUTOS = YES_AGGRESSIVE;
				GCC_WARN_UNUSED_FUNCTION = YES;
				GCC_WARN_UNUSED_VARIABLE = YES;
				IPHONEOS_DEPLOYMENT_TARGET = 15.5;
				MTL_ENABLE_DEBUG_INFO = INCLUDE_SOURCE;
				MTL_FAST_MATH = YES;
				ONLY_ACTIVE_ARCH = YES;
				SDKROOT = iphoneos;
				SWIFT_ACTIVE_COMPILATION_CONDITIONS = DEBUG;
				SWIFT_OPTIMIZATION_LEVEL = "-Onone";
			};
			name = Debug;
		};
		9485DC5528ACC7840004C586 /* Release */ = {
			isa = XCBuildConfiguration;
			buildSettings = {
				ALWAYS_SEARCH_USER_PATHS = NO;
				CLANG_ANALYZER_NONNULL = YES;
				CLANG_ANALYZER_NUMBER_OBJECT_CONVERSION = YES_AGGRESSIVE;
				CLANG_CXX_LANGUAGE_STANDARD = "gnu++17";
				CLANG_ENABLE_MODULES = YES;
				CLANG_ENABLE_OBJC_ARC = YES;
				CLANG_ENABLE_OBJC_WEAK = YES;
				CLANG_WARN_BLOCK_CAPTURE_AUTORELEASING = YES;
				CLANG_WARN_BOOL_CONVERSION = YES;
				CLANG_WARN_COMMA = YES;
				CLANG_WARN_CONSTANT_CONVERSION = YES;
				CLANG_WARN_DEPRECATED_OBJC_IMPLEMENTATIONS = YES;
				CLANG_WARN_DIRECT_OBJC_ISA_USAGE = YES_ERROR;
				CLANG_WARN_DOCUMENTATION_COMMENTS = YES;
				CLANG_WARN_EMPTY_BODY = YES;
				CLANG_WARN_ENUM_CONVERSION = YES;
				CLANG_WARN_INFINITE_RECURSION = YES;
				CLANG_WARN_INT_CONVERSION = YES;
				CLANG_WARN_NON_LITERAL_NULL_CONVERSION = YES;
				CLANG_WARN_OBJC_IMPLICIT_RETAIN_SELF = YES;
				CLANG_WARN_OBJC_LITERAL_CONVERSION = YES;
				CLANG_WARN_OBJC_ROOT_CLASS = YES_ERROR;
				CLANG_WARN_QUOTED_INCLUDE_IN_FRAMEWORK_HEADER = YES;
				CLANG_WARN_RANGE_LOOP_ANALYSIS = YES;
				CLANG_WARN_STRICT_PROTOTYPES = YES;
				CLANG_WARN_SUSPICIOUS_MOVE = YES;
				CLANG_WARN_UNGUARDED_AVAILABILITY = YES_AGGRESSIVE;
				CLANG_WARN_UNREACHABLE_CODE = YES;
				CLANG_WARN__DUPLICATE_METHOD_MATCH = YES;
				COPY_PHASE_STRIP = NO;
				DEBUG_INFORMATION_FORMAT = "dwarf-with-dsym";
				ENABLE_NS_ASSERTIONS = NO;
				ENABLE_STRICT_OBJC_MSGSEND = YES;
				GCC_C_LANGUAGE_STANDARD = gnu11;
				GCC_NO_COMMON_BLOCKS = YES;
				GCC_WARN_64_TO_32_BIT_CONVERSION = YES;
				GCC_WARN_ABOUT_RETURN_TYPE = YES_ERROR;
				GCC_WARN_UNDECLARED_SELECTOR = YES;
				GCC_WARN_UNINITIALIZED_AUTOS = YES_AGGRESSIVE;
				GCC_WARN_UNUSED_FUNCTION = YES;
				GCC_WARN_UNUSED_VARIABLE = YES;
				IPHONEOS_DEPLOYMENT_TARGET = 15.5;
				MTL_ENABLE_DEBUG_INFO = NO;
				MTL_FAST_MATH = YES;
				SDKROOT = iphoneos;
				SWIFT_COMPILATION_MODE = wholemodule;
				SWIFT_OPTIMIZATION_LEVEL = "-O";
				VALIDATE_PRODUCT = YES;
			};
			name = Release;
		};
		9485DC5728ACC7840004C586 /* Debug */ = {
			isa = XCBuildConfiguration;
			buildSettings = {
				ASSETCATALOG_COMPILER_APPICON_NAME = AppIcon;
				ASSETCATALOG_COMPILER_GLOBAL_ACCENT_COLOR_NAME = AccentColor;
				CODE_SIGN_STYLE = Automatic;
				CURRENT_PROJECT_VERSION = 1;
				DEVELOPMENT_TEAM = 4Q738PTDH9;
				GENERATE_INFOPLIST_FILE = YES;
				INFOPLIST_FILE = CombineProject/Info.plist;
				INFOPLIST_KEY_UIApplicationSupportsIndirectInputEvents = YES;
				INFOPLIST_KEY_UILaunchStoryboardName = LaunchScreen;
				INFOPLIST_KEY_UIMainStoryboardFile = Main;
				INFOPLIST_KEY_UISupportedInterfaceOrientations_iPad = "UIInterfaceOrientationPortrait UIInterfaceOrientationPortraitUpsideDown UIInterfaceOrientationLandscapeLeft UIInterfaceOrientationLandscapeRight";
				INFOPLIST_KEY_UISupportedInterfaceOrientations_iPhone = "UIInterfaceOrientationPortrait UIInterfaceOrientationLandscapeLeft UIInterfaceOrientationLandscapeRight";
				LD_RUNPATH_SEARCH_PATHS = (
					"$(inherited)",
					"@executable_path/Frameworks",
				);
				MARKETING_VERSION = 1.0;
				PRODUCT_BUNDLE_IDENTIFIER = WATD.CombineProject;
				PRODUCT_NAME = "$(TARGET_NAME)";
				SWIFT_EMIT_LOC_STRINGS = YES;
				SWIFT_VERSION = 5.0;
				TARGETED_DEVICE_FAMILY = "1,2";
			};
			name = Debug;
		};
		9485DC5828ACC7840004C586 /* Release */ = {
			isa = XCBuildConfiguration;
			buildSettings = {
				ASSETCATALOG_COMPILER_APPICON_NAME = AppIcon;
				ASSETCATALOG_COMPILER_GLOBAL_ACCENT_COLOR_NAME = AccentColor;
				CODE_SIGN_STYLE = Automatic;
				CURRENT_PROJECT_VERSION = 1;
				DEVELOPMENT_TEAM = 4Q738PTDH9;
				GENERATE_INFOPLIST_FILE = YES;
				INFOPLIST_FILE = CombineProject/Info.plist;
				INFOPLIST_KEY_UIApplicationSupportsIndirectInputEvents = YES;
				INFOPLIST_KEY_UILaunchStoryboardName = LaunchScreen;
				INFOPLIST_KEY_UIMainStoryboardFile = Main;
				INFOPLIST_KEY_UISupportedInterfaceOrientations_iPad = "UIInterfaceOrientationPortrait UIInterfaceOrientationPortraitUpsideDown UIInterfaceOrientationLandscapeLeft UIInterfaceOrientationLandscapeRight";
				INFOPLIST_KEY_UISupportedInterfaceOrientations_iPhone = "UIInterfaceOrientationPortrait UIInterfaceOrientationLandscapeLeft UIInterfaceOrientationLandscapeRight";
				LD_RUNPATH_SEARCH_PATHS = (
					"$(inherited)",
					"@executable_path/Frameworks",
				);
				MARKETING_VERSION = 1.0;
				PRODUCT_BUNDLE_IDENTIFIER = WATD.CombineProject;
				PRODUCT_NAME = "$(TARGET_NAME)";
				SWIFT_EMIT_LOC_STRINGS = YES;
				SWIFT_VERSION = 5.0;
				TARGETED_DEVICE_FAMILY = "1,2";
			};
			name = Release;
		};
		9485DC5A28ACC7840004C586 /* Debug */ = {
			isa = XCBuildConfiguration;
			buildSettings = {
				ALWAYS_EMBED_SWIFT_STANDARD_LIBRARIES = YES;
				BUNDLE_LOADER = "$(TEST_HOST)";
				CODE_SIGN_STYLE = Automatic;
				CURRENT_PROJECT_VERSION = 1;
				DEVELOPMENT_TEAM = 4Q738PTDH9;
				GENERATE_INFOPLIST_FILE = YES;
				IPHONEOS_DEPLOYMENT_TARGET = 15.5;
				MARKETING_VERSION = 1.0;
				PRODUCT_BUNDLE_IDENTIFIER = WATD.CombineProjectTests;
				PRODUCT_NAME = "$(TARGET_NAME)";
				SWIFT_EMIT_LOC_STRINGS = NO;
				SWIFT_VERSION = 5.0;
				TARGETED_DEVICE_FAMILY = "1,2";
				TEST_HOST = "$(BUILT_PRODUCTS_DIR)/CombineProject.app/CombineProject";
			};
			name = Debug;
		};
		9485DC5B28ACC7840004C586 /* Release */ = {
			isa = XCBuildConfiguration;
			buildSettings = {
				ALWAYS_EMBED_SWIFT_STANDARD_LIBRARIES = YES;
				BUNDLE_LOADER = "$(TEST_HOST)";
				CODE_SIGN_STYLE = Automatic;
				CURRENT_PROJECT_VERSION = 1;
				DEVELOPMENT_TEAM = 4Q738PTDH9;
				GENERATE_INFOPLIST_FILE = YES;
				IPHONEOS_DEPLOYMENT_TARGET = 15.5;
				MARKETING_VERSION = 1.0;
				PRODUCT_BUNDLE_IDENTIFIER = WATD.CombineProjectTests;
				PRODUCT_NAME = "$(TARGET_NAME)";
				SWIFT_EMIT_LOC_STRINGS = NO;
				SWIFT_VERSION = 5.0;
				TARGETED_DEVICE_FAMILY = "1,2";
				TEST_HOST = "$(BUILT_PRODUCTS_DIR)/CombineProject.app/CombineProject";
			};
			name = Release;
		};
		9485DC5D28ACC7840004C586 /* Debug */ = {
			isa = XCBuildConfiguration;
			buildSettings = {
				ALWAYS_EMBED_SWIFT_STANDARD_LIBRARIES = YES;
				CODE_SIGN_STYLE = Automatic;
				CURRENT_PROJECT_VERSION = 1;
				DEVELOPMENT_TEAM = 4Q738PTDH9;
				GENERATE_INFOPLIST_FILE = YES;
				MARKETING_VERSION = 1.0;
				PRODUCT_BUNDLE_IDENTIFIER = WATD.CombineProjectUITests;
				PRODUCT_NAME = "$(TARGET_NAME)";
				SWIFT_EMIT_LOC_STRINGS = NO;
				SWIFT_VERSION = 5.0;
				TARGETED_DEVICE_FAMILY = "1,2";
				TEST_TARGET_NAME = CombineProject;
			};
			name = Debug;
		};
		9485DC5E28ACC7840004C586 /* Release */ = {
			isa = XCBuildConfiguration;
			buildSettings = {
				ALWAYS_EMBED_SWIFT_STANDARD_LIBRARIES = YES;
				CODE_SIGN_STYLE = Automatic;
				CURRENT_PROJECT_VERSION = 1;
				DEVELOPMENT_TEAM = 4Q738PTDH9;
				GENERATE_INFOPLIST_FILE = YES;
				MARKETING_VERSION = 1.0;
				PRODUCT_BUNDLE_IDENTIFIER = WATD.CombineProjectUITests;
				PRODUCT_NAME = "$(TARGET_NAME)";
				SWIFT_EMIT_LOC_STRINGS = NO;
				SWIFT_VERSION = 5.0;
				TARGETED_DEVICE_FAMILY = "1,2";
				TEST_TARGET_NAME = CombineProject;
			};
			name = Release;
		};
/* End XCBuildConfiguration section */

/* Begin XCConfigurationList section */
		9485DC2728ACC7830004C586 /* Build configuration list for PBXProject "CombineProject" */ = {
			isa = XCConfigurationList;
			buildConfigurations = (
				9485DC5428ACC7840004C586 /* Debug */,
				9485DC5528ACC7840004C586 /* Release */,
			);
			defaultConfigurationIsVisible = 0;
			defaultConfigurationName = Release;
		};
		9485DC5628ACC7840004C586 /* Build configuration list for PBXNativeTarget "CombineProject" */ = {
			isa = XCConfigurationList;
			buildConfigurations = (
				9485DC5728ACC7840004C586 /* Debug */,
				9485DC5828ACC7840004C586 /* Release */,
			);
			defaultConfigurationIsVisible = 0;
			defaultConfigurationName = Release;
		};
		9485DC5928ACC7840004C586 /* Build configuration list for PBXNativeTarget "CombineProjectTests" */ = {
			isa = XCConfigurationList;
			buildConfigurations = (
				9485DC5A28ACC7840004C586 /* Debug */,
				9485DC5B28ACC7840004C586 /* Release */,
			);
			defaultConfigurationIsVisible = 0;
			defaultConfigurationName = Release;
		};
		9485DC5C28ACC7840004C586 /* Build configuration list for PBXNativeTarget "CombineProjectUITests" */ = {
			isa = XCConfigurationList;
			buildConfigurations = (
				9485DC5D28ACC7840004C586 /* Debug */,
				9485DC5E28ACC7840004C586 /* Release */,
			);
			defaultConfigurationIsVisible = 0;
			defaultConfigurationName = Release;
		};
/* End XCConfigurationList section */
	};
	rootObject = 9485DC2428ACC7830004C586 /* Project object */;
}
