// !$*UTF8*$!
{
	archiveVersion = 1;
	classes = {
	};
	objectVersion = 55;
	objects = {

/* Begin PBXBuildFile section */
		949B539028ACF8A100D3B4C3 /* AppDelegate.swift in Sources */ = {isa = PBXBuildFile; fileRef = 949B538F28ACF8A100D3B4C3 /* AppDelegate.swift */; };
		949B539228ACF8A100D3B4C3 /* SceneDelegate.swift in Sources */ = {isa = PBXBuildFile; fileRef = 949B539128ACF8A100D3B4C3 /* SceneDelegate.swift */; };
		949B539428ACF8A100D3B4C3 /* ViewController.swift in Sources */ = {isa = PBXBuildFile; fileRef = 949B539328ACF8A100D3B4C3 /* ViewController.swift */; };
		949B539728ACF8A100D3B4C3 /* Main.storyboard in Resources */ = {isa = PBXBuildFile; fileRef = 949B539528ACF8A100D3B4C3 /* Main.storyboard */; };
		949B539928ACF8A200D3B4C3 /* Assets.xcassets in Resources */ = {isa = PBXBuildFile; fileRef = 949B539828ACF8A200D3B4C3 /* Assets.xcassets */; };
		949B539C28ACF8A200D3B4C3 /* LaunchScreen.storyboard in Resources */ = {isa = PBXBuildFile; fileRef = 949B539A28ACF8A200D3B4C3 /* LaunchScreen.storyboard */; };
		949B53A728ACF8A200D3B4C3 /* CombineProjectTests.swift in Sources */ = {isa = PBXBuildFile; fileRef = 949B53A628ACF8A200D3B4C3 /* CombineProjectTests.swift */; };
		949B53B128ACF8A200D3B4C3 /* CombineProjectUITests.swift in Sources */ = {isa = PBXBuildFile; fileRef = 949B53B028ACF8A200D3B4C3 /* CombineProjectUITests.swift */; };
		949B53B328ACF8A200D3B4C3 /* CombineProjectUITestsLaunchTests.swift in Sources */ = {isa = PBXBuildFile; fileRef = 949B53B228ACF8A200D3B4C3 /* CombineProjectUITestsLaunchTests.swift */; };
/* End PBXBuildFile section */

/* Begin PBXContainerItemProxy section */
		949B53A328ACF8A200D3B4C3 /* PBXContainerItemProxy */ = {
			isa = PBXContainerItemProxy;
			containerPortal = 949B538428ACF8A100D3B4C3 /* Project object */;
			proxyType = 1;
			remoteGlobalIDString = 949B538B28ACF8A100D3B4C3;
			remoteInfo = CombineProject;
		};
		949B53AD28ACF8A200D3B4C3 /* PBXContainerItemProxy */ = {
			isa = PBXContainerItemProxy;
			containerPortal = 949B538428ACF8A100D3B4C3 /* Project object */;
			proxyType = 1;
			remoteGlobalIDString = 949B538B28ACF8A100D3B4C3;
			remoteInfo = CombineProject;
		};
/* End PBXContainerItemProxy section */

/* Begin PBXFileReference section */
		949B538C28ACF8A100D3B4C3 /* CombineProject.app */ = {isa = PBXFileReference; explicitFileType = wrapper.application; includeInIndex = 0; path = CombineProject.app; sourceTree = BUILT_PRODUCTS_DIR; };
		949B538F28ACF8A100D3B4C3 /* AppDelegate.swift */ = {isa = PBXFileReference; lastKnownFileType = sourcecode.swift; path = AppDelegate.swift; sourceTree = "<group>"; };
		949B539128ACF8A100D3B4C3 /* SceneDelegate.swift */ = {isa = PBXFileReference; lastKnownFileType = sourcecode.swift; path = SceneDelegate.swift; sourceTree = "<group>"; };
		949B539328ACF8A100D3B4C3 /* ViewController.swift */ = {isa = PBXFileReference; lastKnownFileType = sourcecode.swift; path = ViewController.swift; sourceTree = "<group>"; };
		949B539628ACF8A100D3B4C3 /* Base */ = {isa = PBXFileReference; lastKnownFileType = file.storyboard; name = Base; path = Base.lproj/Main.storyboard; sourceTree = "<group>"; };
		949B539828ACF8A200D3B4C3 /* Assets.xcassets */ = {isa = PBXFileReference; lastKnownFileType = folder.assetcatalog; path = Assets.xcassets; sourceTree = "<group>"; };
		949B539B28ACF8A200D3B4C3 /* Base */ = {isa = PBXFileReference; lastKnownFileType = file.storyboard; name = Base; path = Base.lproj/LaunchScreen.storyboard; sourceTree = "<group>"; };
		949B539D28ACF8A200D3B4C3 /* Info.plist */ = {isa = PBXFileReference; lastKnownFileType = text.plist.xml; path = Info.plist; sourceTree = "<group>"; };
		949B53A228ACF8A200D3B4C3 /* CombineProjectTests.xctest */ = {isa = PBXFileReference; explicitFileType = wrapper.cfbundle; includeInIndex = 0; path = CombineProjectTests.xctest; sourceTree = BUILT_PRODUCTS_DIR; };
		949B53A628ACF8A200D3B4C3 /* CombineProjectTests.swift */ = {isa = PBXFileReference; lastKnownFileType = sourcecode.swift; path = CombineProjectTests.swift; sourceTree = "<group>"; };
		949B53AC28ACF8A200D3B4C3 /* CombineProjectUITests.xctest */ = {isa = PBXFileReference; explicitFileType = wrapper.cfbundle; includeInIndex = 0; path = CombineProjectUITests.xctest; sourceTree = BUILT_PRODUCTS_DIR; };
		949B53B028ACF8A200D3B4C3 /* CombineProjectUITests.swift */ = {isa = PBXFileReference; lastKnownFileType = sourcecode.swift; path = CombineProjectUITests.swift; sourceTree = "<group>"; };
		949B53B228ACF8A200D3B4C3 /* CombineProjectUITestsLaunchTests.swift */ = {isa = PBXFileReference; lastKnownFileType = sourcecode.swift; path = CombineProjectUITestsLaunchTests.swift; sourceTree = "<group>"; };
/* End PBXFileReference section */

/* Begin PBXFrameworksBuildPhase section */
		949B538928ACF8A100D3B4C3 /* Frameworks */ = {
			isa = PBXFrameworksBuildPhase;
			buildActionMask = 2147483647;
			files = (
			);
			runOnlyForDeploymentPostprocessing = 0;
		};
		949B539F28ACF8A200D3B4C3 /* Frameworks */ = {
			isa = PBXFrameworksBuildPhase;
			buildActionMask = 2147483647;
			files = (
			);
			runOnlyForDeploymentPostprocessing = 0;
		};
		949B53A928ACF8A200D3B4C3 /* Frameworks */ = {
			isa = PBXFrameworksBuildPhase;
			buildActionMask = 2147483647;
			files = (
			);
			runOnlyForDeploymentPostprocessing = 0;
		};
/* End PBXFrameworksBuildPhase section */

/* Begin PBXGroup section */
		949B538328ACF8A100D3B4C3 = {
			isa = PBXGroup;
			children = (
				949B538E28ACF8A100D3B4C3 /* CombineProject */,
				949B53A528ACF8A200D3B4C3 /* CombineProjectTests */,
				949B53AF28ACF8A200D3B4C3 /* CombineProjectUITests */,
				949B538D28ACF8A100D3B4C3 /* Products */,
			);
			sourceTree = "<group>";
		};
		949B538D28ACF8A100D3B4C3 /* Products */ = {
			isa = PBXGroup;
			children = (
				949B538C28ACF8A100D3B4C3 /* CombineProject.app */,
				949B53A228ACF8A200D3B4C3 /* CombineProjectTests.xctest */,
				949B53AC28ACF8A200D3B4C3 /* CombineProjectUITests.xctest */,
			);
			name = Products;
			sourceTree = "<group>";
		};
		949B538E28ACF8A100D3B4C3 /* CombineProject */ = {
			isa = PBXGroup;
			children = (
				949B538F28ACF8A100D3B4C3 /* AppDelegate.swift */,
				949B539128ACF8A100D3B4C3 /* SceneDelegate.swift */,
				949B539328ACF8A100D3B4C3 /* ViewController.swift */,
				949B539528ACF8A100D3B4C3 /* Main.storyboard */,
				949B539828ACF8A200D3B4C3 /* Assets.xcassets */,
				949B539A28ACF8A200D3B4C3 /* LaunchScreen.storyboard */,
				949B539D28ACF8A200D3B4C3 /* Info.plist */,
			);
			path = CombineProject;
			sourceTree = "<group>";
		};
		949B53A528ACF8A200D3B4C3 /* CombineProjectTests */ = {
			isa = PBXGroup;
			children = (
				949B53A628ACF8A200D3B4C3 /* CombineProjectTests.swift */,
			);
			path = CombineProjectTests;
			sourceTree = "<group>";
		};
		949B53AF28ACF8A200D3B4C3 /* CombineProjectUITests */ = {
			isa = PBXGroup;
			children = (
				949B53B028ACF8A200D3B4C3 /* CombineProjectUITests.swift */,
				949B53B228ACF8A200D3B4C3 /* CombineProjectUITestsLaunchTests.swift */,
			);
			path = CombineProjectUITests;
			sourceTree = "<group>";
		};
/* End PBXGroup section */

/* Begin PBXNativeTarget section */
		949B538B28ACF8A100D3B4C3 /* CombineProject */ = {
			isa = PBXNativeTarget;
			buildConfigurationList = 949B53B628ACF8A200D3B4C3 /* Build configuration list for PBXNativeTarget "CombineProject" */;
			buildPhases = (
				949B538828ACF8A100D3B4C3 /* Sources */,
				949B538928ACF8A100D3B4C3 /* Frameworks */,
				949B538A28ACF8A100D3B4C3 /* Resources */,
			);
			buildRules = (
			);
			dependencies = (
			);
			name = CombineProject;
			productName = CombineProject;
			productReference = 949B538C28ACF8A100D3B4C3 /* CombineProject.app */;
			productType = "com.apple.product-type.application";
		};
		949B53A128ACF8A200D3B4C3 /* CombineProjectTests */ = {
			isa = PBXNativeTarget;
			buildConfigurationList = 949B53B928ACF8A200D3B4C3 /* Build configuration list for PBXNativeTarget "CombineProjectTests" */;
			buildPhases = (
				949B539E28ACF8A200D3B4C3 /* Sources */,
				949B539F28ACF8A200D3B4C3 /* Frameworks */,
				949B53A028ACF8A200D3B4C3 /* Resources */,
			);
			buildRules = (
			);
			dependencies = (
				949B53A428ACF8A200D3B4C3 /* PBXTargetDependency */,
			);
			name = CombineProjectTests;
			productName = CombineProjectTests;
			productReference = 949B53A228ACF8A200D3B4C3 /* CombineProjectTests.xctest */;
			productType = "com.apple.product-type.bundle.unit-test";
		};
		949B53AB28ACF8A200D3B4C3 /* CombineProjectUITests */ = {
			isa = PBXNativeTarget;
			buildConfigurationList = 949B53BC28ACF8A200D3B4C3 /* Build configuration list for PBXNativeTarget "CombineProjectUITests" */;
			buildPhases = (
				949B53A828ACF8A200D3B4C3 /* Sources */,
				949B53A928ACF8A200D3B4C3 /* Frameworks */,
				949B53AA28ACF8A200D3B4C3 /* Resources */,
			);
			buildRules = (
			);
			dependencies = (
				949B53AE28ACF8A200D3B4C3 /* PBXTargetDependency */,
			);
			name = CombineProjectUITests;
			productName = CombineProjectUITests;
			productReference = 949B53AC28ACF8A200D3B4C3 /* CombineProjectUITests.xctest */;
			productType = "com.apple.product-type.bundle.ui-testing";
		};
/* End PBXNativeTarget section */

/* Begin PBXProject section */
		949B538428ACF8A100D3B4C3 /* Project object */ = {
			isa = PBXProject;
			attributes = {
				BuildIndependentTargetsInParallel = 1;
				LastSwiftUpdateCheck = 1340;
				LastUpgradeCheck = 1340;
				TargetAttributes = {
					949B538B28ACF8A100D3B4C3 = {
						CreatedOnToolsVersion = 13.4.1;
					};
					949B53A128ACF8A200D3B4C3 = {
						CreatedOnToolsVersion = 13.4.1;
						TestTargetID = 949B538B28ACF8A100D3B4C3;
					};
					949B53AB28ACF8A200D3B4C3 = {
						CreatedOnToolsVersion = 13.4.1;
						TestTargetID = 949B538B28ACF8A100D3B4C3;
					};
				};
			};
			buildConfigurationList = 949B538728ACF8A100D3B4C3 /* Build configuration list for PBXProject "CombineProject" */;
			compatibilityVersion = "Xcode 13.0";
			developmentRegion = en;
			hasScannedForEncodings = 0;
			knownRegions = (
				en,
				Base,
			);
			mainGroup = 949B538328ACF8A100D3B4C3;
			productRefGroup = 949B538D28ACF8A100D3B4C3 /* Products */;
			projectDirPath = "";
			projectRoot = "";
			targets = (
				949B538B28ACF8A100D3B4C3 /* CombineProject */,
				949B53A128ACF8A200D3B4C3 /* CombineProjectTests */,
				949B53AB28ACF8A200D3B4C3 /* CombineProjectUITests */,
			);
		};
/* End PBXProject section */

/* Begin PBXResourcesBuildPhase section */
		949B538A28ACF8A100D3B4C3 /* Resources */ = {
			isa = PBXResourcesBuildPhase;
			buildActionMask = 2147483647;
			files = (
				949B539C28ACF8A200D3B4C3 /* LaunchScreen.storyboard in Resources */,
				949B539928ACF8A200D3B4C3 /* Assets.xcassets in Resources */,
				949B539728ACF8A100D3B4C3 /* Main.storyboard in Resources */,
			);
			runOnlyForDeploymentPostprocessing = 0;
		};
		949B53A028ACF8A200D3B4C3 /* Resources */ = {
			isa = PBXResourcesBuildPhase;
			buildActionMask = 2147483647;
			files = (
			);
			runOnlyForDeploymentPostprocessing = 0;
		};
		949B53AA28ACF8A200D3B4C3 /* Resources */ = {
			isa = PBXResourcesBuildPhase;
			buildActionMask = 2147483647;
			files = (
			);
			runOnlyForDeploymentPostprocessing = 0;
		};
/* End PBXResourcesBuildPhase section */

/* Begin PBXSourcesBuildPhase section */
		949B538828ACF8A100D3B4C3 /* Sources */ = {
			isa = PBXSourcesBuildPhase;
			buildActionMask = 2147483647;
			files = (
				949B539428ACF8A100D3B4C3 /* ViewController.swift in Sources */,
				949B539028ACF8A100D3B4C3 /* AppDelegate.swift in Sources */,
				949B539228ACF8A100D3B4C3 /* SceneDelegate.swift in Sources */,
			);
			runOnlyForDeploymentPostprocessing = 0;
		};
		949B539E28ACF8A200D3B4C3 /* Sources */ = {
			isa = PBXSourcesBuildPhase;
			buildActionMask = 2147483647;
			files = (
				949B53A728ACF8A200D3B4C3 /* CombineProjectTests.swift in Sources */,
			);
			runOnlyForDeploymentPostprocessing = 0;
		};
		949B53A828ACF8A200D3B4C3 /* Sources */ = {
			isa = PBXSourcesBuildPhase;
			buildActionMask = 2147483647;
			files = (
				949B53B328ACF8A200D3B4C3 /* CombineProjectUITestsLaunchTests.swift in Sources */,
				949B53B128ACF8A200D3B4C3 /* CombineProjectUITests.swift in Sources */,
			);
			runOnlyForDeploymentPostprocessing = 0;
		};
/* End PBXSourcesBuildPhase section */

/* Begin PBXTargetDependency section */
		949B53A428ACF8A200D3B4C3 /* PBXTargetDependency */ = {
			isa = PBXTargetDependency;
			target = 949B538B28ACF8A100D3B4C3 /* CombineProject */;
			targetProxy = 949B53A328ACF8A200D3B4C3 /* PBXContainerItemProxy */;
		};
		949B53AE28ACF8A200D3B4C3 /* PBXTargetDependency */ = {
			isa = PBXTargetDependency;
			target = 949B538B28ACF8A100D3B4C3 /* CombineProject */;
			targetProxy = 949B53AD28ACF8A200D3B4C3 /* PBXContainerItemProxy */;
		};
/* End PBXTargetDependency section */

/* Begin PBXVariantGroup section */
		949B539528ACF8A100D3B4C3 /* Main.storyboard */ = {
			isa = PBXVariantGroup;
			children = (
				949B539628ACF8A100D3B4C3 /* Base */,
			);
			name = Main.storyboard;
			sourceTree = "<group>";
		};
		949B539A28ACF8A200D3B4C3 /* LaunchScreen.storyboard */ = {
			isa = PBXVariantGroup;
			children = (
				949B539B28ACF8A200D3B4C3 /* Base */,
			);
			name = LaunchScreen.storyboard;
			sourceTree = "<group>";
		};
/* End PBXVariantGroup section */

/* Begin XCBuildConfiguration section */
		949B53B428ACF8A200D3B4C3 /* Debug */ = {
			isa = XCBuildConfiguration;
			buildSettings = {
				ALWAYS_SEARCH_USER_PATHS = NO;
				CLANG_ANALYZER_NONNULL = YES;
				CLANG_ANALYZER_NUMBER_OBJECT_CONVERSION = YES_AGGRESSIVE;
				CLANG_CXX_LANGUAGE_STANDARD = "gnu++17";
				CLANG_ENABLE_MODULES = YES;
				CLANG_ENABLE_OBJC_ARC = YES;
				CLANG_ENABLE_OBJC_WEAK = YES;
				CLANG_WARN_BLOCK_CAPTURE_AUTORELEASING = YES;
				CLANG_WARN_BOOL_CONVERSION = YES;
				CLANG_WARN_COMMA = YES;
				CLANG_WARN_CONSTANT_CONVERSION = YES;
				CLANG_WARN_DEPRECATED_OBJC_IMPLEMENTATIONS = YES;
				CLANG_WARN_DIRECT_OBJC_ISA_USAGE = YES_ERROR;
				CLANG_WARN_DOCUMENTATION_COMMENTS = YES;
				CLANG_WARN_EMPTY_BODY = YES;
				CLANG_WARN_ENUM_CONVERSION = YES;
				CLANG_WARN_INFINITE_RECURSION = YES;
				CLANG_WARN_INT_CONVERSION = YES;
				CLANG_WARN_NON_LITERAL_NULL_CONVERSION = YES;
				CLANG_WARN_OBJC_IMPLICIT_RETAIN_SELF = YES;
				CLANG_WARN_OBJC_LITERAL_CONVERSION = YES;
				CLANG_WARN_OBJC_ROOT_CLASS = YES_ERROR;
				CLANG_WARN_QUOTED_INCLUDE_IN_FRAMEWORK_HEADER = YES;
				CLANG_WARN_RANGE_LOOP_ANALYSIS = YES;
				CLANG_WARN_STRICT_PROTOTYPES = YES;
				CLANG_WARN_SUSPICIOUS_MOVE = YES;
				CLANG_WARN_UNGUARDED_AVAILABILITY = YES_AGGRESSIVE;
				CLANG_WARN_UNREACHABLE_CODE = YES;
				CLANG_WARN__DUPLICATE_METHOD_MATCH = YES;
				COPY_PHASE_STRIP = NO;
				DEBUG_INFORMATION_FORMAT = dwarf;
				ENABLE_STRICT_OBJC_MSGSEND = YES;
				ENABLE_TESTABILITY = YES;
				GCC_C_LANGUAGE_STANDARD = gnu11;
				GCC_DYNAMIC_NO_PIC = NO;
				GCC_NO_COMMON_BLOCKS = YES;
				GCC_OPTIMIZATION_LEVEL = 0;
				GCC_PREPROCESSOR_DEFINITIONS = (
					"DEBUG=1",
					"$(inherited)",
				);
				GCC_WARN_64_TO_32_BIT_CONVERSION = YES;
				GCC_WARN_ABOUT_RETURN_TYPE = YES_ERROR;
				GCC_WARN_UNDECLARED_SELECTOR = YES;
				GCC_WARN_UNINITIALIZED_AUTOS = YES_AGGRESSIVE;
				GCC_WARN_UNUSED_FUNCTION = YES;
				GCC_WARN_UNUSED_VARIABLE = YES;
				IPHONEOS_DEPLOYMENT_TARGET = 15.5;
				MTL_ENABLE_DEBUG_INFO = INCLUDE_SOURCE;
				MTL_FAST_MATH = YES;
				ONLY_ACTIVE_ARCH = YES;
				SDKROOT = iphoneos;
				SWIFT_ACTIVE_COMPILATION_CONDITIONS = DEBUG;
				SWIFT_OPTIMIZATION_LEVEL = "-Onone";
			};
			name = Debug;
		};
		949B53B528ACF8A200D3B4C3 /* Release */ = {
			isa = XCBuildConfiguration;
			buildSettings = {
				ALWAYS_SEARCH_USER_PATHS = NO;
				CLANG_ANALYZER_NONNULL = YES;
				CLANG_ANALYZER_NUMBER_OBJECT_CONVERSION = YES_AGGRESSIVE;
				CLANG_CXX_LANGUAGE_STANDARD = "gnu++17";
				CLANG_ENABLE_MODULES = YES;
				CLANG_ENABLE_OBJC_ARC = YES;
				CLANG_ENABLE_OBJC_WEAK = YES;
				CLANG_WARN_BLOCK_CAPTURE_AUTORELEASING = YES;
				CLANG_WARN_BOOL_CONVERSION = YES;
				CLANG_WARN_COMMA = YES;
				CLANG_WARN_CONSTANT_CONVERSION = YES;
				CLANG_WARN_DEPRECATED_OBJC_IMPLEMENTATIONS = YES;
				CLANG_WARN_DIRECT_OBJC_ISA_USAGE = YES_ERROR;
				CLANG_WARN_DOCUMENTATION_COMMENTS = YES;
				CLANG_WARN_EMPTY_BODY = YES;
				CLANG_WARN_ENUM_CONVERSION = YES;
				CLANG_WARN_INFINITE_RECURSION = YES;
				CLANG_WARN_INT_CONVERSION = YES;
				CLANG_WARN_NON_LITERAL_NULL_CONVERSION = YES;
				CLANG_WARN_OBJC_IMPLICIT_RETAIN_SELF = YES;
				CLANG_WARN_OBJC_LITERAL_CONVERSION = YES;
				CLANG_WARN_OBJC_ROOT_CLASS = YES_ERROR;
				CLANG_WARN_QUOTED_INCLUDE_IN_FRAMEWORK_HEADER = YES;
				CLANG_WARN_RANGE_LOOP_ANALYSIS = YES;
				CLANG_WARN_STRICT_PROTOTYPES = YES;
				CLANG_WARN_SUSPICIOUS_MOVE = YES;
				CLANG_WARN_UNGUARDED_AVAILABILITY = YES_AGGRESSIVE;
				CLANG_WARN_UNREACHABLE_CODE = YES;
				CLANG_WARN__DUPLICATE_METHOD_MATCH = YES;
				COPY_PHASE_STRIP = NO;
				DEBUG_INFORMATION_FORMAT = "dwarf-with-dsym";
				ENABLE_NS_ASSERTIONS = NO;
				ENABLE_STRICT_OBJC_MSGSEND = YES;
				GCC_C_LANGUAGE_STANDARD = gnu11;
				GCC_NO_COMMON_BLOCKS = YES;
				GCC_WARN_64_TO_32_BIT_CONVERSION = YES;
				GCC_WARN_ABOUT_RETURN_TYPE = YES_ERROR;
				GCC_WARN_UNDECLARED_SELECTOR = YES;
				GCC_WARN_UNINITIALIZED_AUTOS = YES_AGGRESSIVE;
				GCC_WARN_UNUSED_FUNCTION = YES;
				GCC_WARN_UNUSED_VARIABLE = YES;
				IPHONEOS_DEPLOYMENT_TARGET = 15.5;
				MTL_ENABLE_DEBUG_INFO = NO;
				MTL_FAST_MATH = YES;
				SDKROOT = iphoneos;
				SWIFT_COMPILATION_MODE = wholemodule;
				SWIFT_OPTIMIZATION_LEVEL = "-O";
				VALIDATE_PRODUCT = YES;
			};
			name = Release;
		};
		949B53B728ACF8A200D3B4C3 /* Debug */ = {
			isa = XCBuildConfiguration;
			buildSettings = {
				ASSETCATALOG_COMPILER_APPICON_NAME = AppIcon;
				ASSETCATALOG_COMPILER_GLOBAL_ACCENT_COLOR_NAME = AccentColor;
				CODE_SIGN_STYLE = Automatic;
				CURRENT_PROJECT_VERSION = 1;
				DEVELOPMENT_TEAM = 4Q738PTDH9;
				GENERATE_INFOPLIST_FILE = YES;
				INFOPLIST_FILE = CombineProject/Info.plist;
				INFOPLIST_KEY_UIApplicationSupportsIndirectInputEvents = YES;
				INFOPLIST_KEY_UILaunchStoryboardName = LaunchScreen;
				INFOPLIST_KEY_UIMainStoryboardFile = Main;
				INFOPLIST_KEY_UISupportedInterfaceOrientations_iPad = "UIInterfaceOrientationPortrait UIInterfaceOrientationPortraitUpsideDown UIInterfaceOrientationLandscapeLeft UIInterfaceOrientationLandscapeRight";
				INFOPLIST_KEY_UISupportedInterfaceOrientations_iPhone = "UIInterfaceOrientationPortrait UIInterfaceOrientationLandscapeLeft UIInterfaceOrientationLandscapeRight";
				LD_RUNPATH_SEARCH_PATHS = (
					"$(inherited)",
					"@executable_path/Frameworks",
				);
				MARKETING_VERSION = 1.0;
				PRODUCT_BUNDLE_IDENTIFIER = WATD.CombineProject;
				PRODUCT_NAME = "$(TARGET_NAME)";
				SWIFT_EMIT_LOC_STRINGS = YES;
				SWIFT_VERSION = 5.0;
				TARGETED_DEVICE_FAMILY = "1,2";
			};
			name = Debug;
		};
		949B53B828ACF8A200D3B4C3 /* Release */ = {
			isa = XCBuildConfiguration;
			buildSettings = {
				ASSETCATALOG_COMPILER_APPICON_NAME = AppIcon;
				ASSETCATALOG_COMPILER_GLOBAL_ACCENT_COLOR_NAME = AccentColor;
				CODE_SIGN_STYLE = Automatic;
				CURRENT_PROJECT_VERSION = 1;
				DEVELOPMENT_TEAM = 4Q738PTDH9;
				GENERATE_INFOPLIST_FILE = YES;
				INFOPLIST_FILE = CombineProject/Info.plist;
				INFOPLIST_KEY_UIApplicationSupportsIndirectInputEvents = YES;
				INFOPLIST_KEY_UILaunchStoryboardName = LaunchScreen;
				INFOPLIST_KEY_UIMainStoryboardFile = Main;
				INFOPLIST_KEY_UISupportedInterfaceOrientations_iPad = "UIInterfaceOrientationPortrait UIInterfaceOrientationPortraitUpsideDown UIInterfaceOrientationLandscapeLeft UIInterfaceOrientationLandscapeRight";
				INFOPLIST_KEY_UISupportedInterfaceOrientations_iPhone = "UIInterfaceOrientationPortrait UIInterfaceOrientationLandscapeLeft UIInterfaceOrientationLandscapeRight";
				LD_RUNPATH_SEARCH_PATHS = (
					"$(inherited)",
					"@executable_path/Frameworks",
				);
				MARKETING_VERSION = 1.0;
				PRODUCT_BUNDLE_IDENTIFIER = WATD.CombineProject;
				PRODUCT_NAME = "$(TARGET_NAME)";
				SWIFT_EMIT_LOC_STRINGS = YES;
				SWIFT_VERSION = 5.0;
				TARGETED_DEVICE_FAMILY = "1,2";
			};
			name = Release;
		};
		949B53BA28ACF8A200D3B4C3 /* Debug */ = {
			isa = XCBuildConfiguration;
			buildSettings = {
				ALWAYS_EMBED_SWIFT_STANDARD_LIBRARIES = YES;
				BUNDLE_LOADER = "$(TEST_HOST)";
				CODE_SIGN_STYLE = Automatic;
				CURRENT_PROJECT_VERSION = 1;
				DEVELOPMENT_TEAM = 4Q738PTDH9;
				GENERATE_INFOPLIST_FILE = YES;
				IPHONEOS_DEPLOYMENT_TARGET = 15.5;
				MARKETING_VERSION = 1.0;
				PRODUCT_BUNDLE_IDENTIFIER = WATD.CombineProjectTests;
				PRODUCT_NAME = "$(TARGET_NAME)";
				SWIFT_EMIT_LOC_STRINGS = NO;
				SWIFT_VERSION = 5.0;
				TARGETED_DEVICE_FAMILY = "1,2";
				TEST_HOST = "$(BUILT_PRODUCTS_DIR)/CombineProject.app/CombineProject";
			};
			name = Debug;
		};
		949B53BB28ACF8A200D3B4C3 /* Release */ = {
			isa = XCBuildConfiguration;
			buildSettings = {
				ALWAYS_EMBED_SWIFT_STANDARD_LIBRARIES = YES;
				BUNDLE_LOADER = "$(TEST_HOST)";
				CODE_SIGN_STYLE = Automatic;
				CURRENT_PROJECT_VERSION = 1;
				DEVELOPMENT_TEAM = 4Q738PTDH9;
				GENERATE_INFOPLIST_FILE = YES;
				IPHONEOS_DEPLOYMENT_TARGET = 15.5;
				MARKETING_VERSION = 1.0;
				PRODUCT_BUNDLE_IDENTIFIER = WATD.CombineProjectTests;
				PRODUCT_NAME = "$(TARGET_NAME)";
				SWIFT_EMIT_LOC_STRINGS = NO;
				SWIFT_VERSION = 5.0;
				TARGETED_DEVICE_FAMILY = "1,2";
				TEST_HOST = "$(BUILT_PRODUCTS_DIR)/CombineProject.app/CombineProject";
			};
			name = Release;
		};
		949B53BD28ACF8A200D3B4C3 /* Debug */ = {
			isa = XCBuildConfiguration;
			buildSettings = {
				ALWAYS_EMBED_SWIFT_STANDARD_LIBRARIES = YES;
				CODE_SIGN_STYLE = Automatic;
				CURRENT_PROJECT_VERSION = 1;
				DEVELOPMENT_TEAM = 4Q738PTDH9;
				GENERATE_INFOPLIST_FILE = YES;
				MARKETING_VERSION = 1.0;
				PRODUCT_BUNDLE_IDENTIFIER = WATD.CombineProjectUITests;
				PRODUCT_NAME = "$(TARGET_NAME)";
				SWIFT_EMIT_LOC_STRINGS = NO;
				SWIFT_VERSION = 5.0;
				TARGETED_DEVICE_FAMILY = "1,2";
				TEST_TARGET_NAME = CombineProject;
			};
			name = Debug;
		};
		949B53BE28ACF8A200D3B4C3 /* Release */ = {
			isa = XCBuildConfiguration;
			buildSettings = {
				ALWAYS_EMBED_SWIFT_STANDARD_LIBRARIES = YES;
				CODE_SIGN_STYLE = Automatic;
				CURRENT_PROJECT_VERSION = 1;
				DEVELOPMENT_TEAM = 4Q738PTDH9;
				GENERATE_INFOPLIST_FILE = YES;
				MARKETING_VERSION = 1.0;
				PRODUCT_BUNDLE_IDENTIFIER = WATD.CombineProjectUITests;
				PRODUCT_NAME = "$(TARGET_NAME)";
				SWIFT_EMIT_LOC_STRINGS = NO;
				SWIFT_VERSION = 5.0;
				TARGETED_DEVICE_FAMILY = "1,2";
				TEST_TARGET_NAME = CombineProject;
			};
			name = Release;
		};
/* End XCBuildConfiguration section */

/* Begin XCConfigurationList section */
		949B538728ACF8A100D3B4C3 /* Build configuration list for PBXProject "CombineProject" */ = {
			isa = XCConfigurationList;
			buildConfigurations = (
				949B53B428ACF8A200D3B4C3 /* Debug */,
				949B53B528ACF8A200D3B4C3 /* Release */,
			);
			defaultConfigurationIsVisible = 0;
			defaultConfigurationName = Release;
		};
		949B53B628ACF8A200D3B4C3 /* Build configuration list for PBXNativeTarget "CombineProject" */ = {
			isa = XCConfigurationList;
			buildConfigurations = (
				949B53B728ACF8A200D3B4C3 /* Debug */,
				949B53B828ACF8A200D3B4C3 /* Release */,
			);
			defaultConfigurationIsVisible = 0;
			defaultConfigurationName = Release;
		};
		949B53B928ACF8A200D3B4C3 /* Build configuration list for PBXNativeTarget "CombineProjectTests" */ = {
			isa = XCConfigurationList;
			buildConfigurations = (
				949B53BA28ACF8A200D3B4C3 /* Debug */,
				949B53BB28ACF8A200D3B4C3 /* Release */,
			);
			defaultConfigurationIsVisible = 0;
			defaultConfigurationName = Release;
		};
		949B53BC28ACF8A200D3B4C3 /* Build configuration list for PBXNativeTarget "CombineProjectUITests" */ = {
			isa = XCConfigurationList;
			buildConfigurations = (
				949B53BD28ACF8A200D3B4C3 /* Debug */,
				949B53BE28ACF8A200D3B4C3 /* Release */,
			);
			defaultConfigurationIsVisible = 0;
			defaultConfigurationName = Release;
		};
/* End XCConfigurationList section */
	};
	rootObject = 949B538428ACF8A100D3B4C3 /* Project object */;
}
